
Microsoft Visual Studio Solution File, Format Version 12.00
# Visual Studio Version 17
VisualStudioVersion = 17.11.35431.28
MinimumVisualStudioVersion = 10.0.40219.1
Project("{2150E333-8FDC-42A3-9474-1A3956D46DE8}") = "AddressService", "AddressService", "{BC51A740-CAC4-4B13-91CE-F581C3ED57B9}"
EndProject
Project("{2150E333-8FDC-42A3-9474-1A3956D46DE8}") = "API", "API", "{FBFD2944-97F6-47A6-9553-7D71BF1EB274}"
EndProject
Project("{2150E333-8FDC-42A3-9474-1A3956D46DE8}") = "Common", "Common", "{2043AF53-9F8F-4691-8DFE-1C6C3EA653B3}"
EndProject
Project("{2150E333-8FDC-42A3-9474-1A3956D46DE8}") = "OrderService", "OrderService", "{637E01D0-00DC-4BE4-8816-E9F09F68AFA5}"
EndProject
Project("{2150E333-8FDC-42A3-9474-1A3956D46DE8}") = "ProductService", "ProductService", "{28490CF4-6B6B-4E9F-A2C9-1D0CABE7F980}"
EndProject
Project("{2150E333-8FDC-42A3-9474-1A3956D46DE8}") = "UserService", "UserService", "{6B2D1C1B-69CB-455F-A908-C5D6A5676D22}"
EndProject
Project("{9A19103F-16F7-4668-BE54-9A1E7A4F7556}") = "PhotoSiTest.AddressService.Core", "..\PhotoSiTest.AddressService.Core\PhotoSiTest.AddressService.Core.csproj", "{15C838DB-B9AF-4D4E-B154-7ED939422992}"
EndProject
Project("{9A19103F-16F7-4668-BE54-9A1E7A4F7556}") = "PhotoSiTest.AddressService.Data", "..\PhotoSiTest.AddressService.Data\PhotoSiTest.AddressService.Data.csproj", "{9B0EA794-6A62-4F9F-AF1C-AE0B97428B46}"
EndProject
Project("{9A19103F-16F7-4668-BE54-9A1E7A4F7556}") = "PhotoSiTest.AddressService.Tests", "..\PhotoSiTest.AddressService.Tests\PhotoSiTest.AddressService.Tests.csproj", "{7753DE03-F1EF-4EC0-8522-0DF37085C02D}"
EndProject
Project("{9A19103F-16F7-4668-BE54-9A1E7A4F7556}") = "PhotoSiTest.API", "..\PhotoSiTest.API\PhotoSiTest.API.csproj", "{A900AF0B-5F15-4DB7-99B9-E9351924BC9E}"
EndProject
Project("{9A19103F-16F7-4668-BE54-9A1E7A4F7556}") = "PhotoSiTest.API.Tests", "..\PhotoSiTest.API.Tests\PhotoSiTest.API.Tests.csproj", "{59952A47-5D16-404B-B9CF-377C7F06485C}"
EndProject
Project("{9A19103F-16F7-4668-BE54-9A1E7A4F7556}") = "PhotoSiTest.Common", "..\PhotoSiTest.Common\PhotoSiTest.Common.csproj", "{1A812D37-B2F4-44F8-AF27-B0F6D0AB20B9}"
EndProject
Project("{9A19103F-16F7-4668-BE54-9A1E7A4F7556}") = "PhotoSiTest.Common.Tests", "..\PhotoSiTest.Common.Tests\PhotoSiTest.Common.Tests.csproj", "{7957D896-7E49-438D-A77D-2C26E9103F76}"
EndProject
Project("{9A19103F-16F7-4668-BE54-9A1E7A4F7556}") = "PhotoSiTest.OrderService.Core", "..\PhotoSiTest.OrderService.Core\PhotoSiTest.OrderService.Core.csproj", "{C5B594A5-3F9D-47C9-B3A2-329313008093}"
EndProject
Project("{9A19103F-16F7-4668-BE54-9A1E7A4F7556}") = "PhotoSiTest.OrderService.Data", "..\PhotoSiTest.OrderService.Data\PhotoSiTest.OrderService.Data.csproj", "{5153F6F0-A4F2-498A-9FD3-B74DC4E023BD}"
EndProject
Project("{9A19103F-16F7-4668-BE54-9A1E7A4F7556}") = "PhotoSiTest.OrderService.Tests", "..\PhotoSiTest.OrderService.Tests\PhotoSiTest.OrderService.Tests.csproj", "{56C272E3-6673-44F4-8F05-C9126E29ED2A}"
EndProject
Project("{9A19103F-16F7-4668-BE54-9A1E7A4F7556}") = "PhotoSiTest.ProductService.Core", "..\PhotoSiTest.ProductService.Core\PhotoSiTest.ProductService.Core.csproj", "{65951139-417E-4F75-8790-DD5DC38F2DEF}"
EndProject
Project("{9A19103F-16F7-4668-BE54-9A1E7A4F7556}") = "PhotoSiTest.ProductService.Data", "..\PhotoSiTest.ProductService.Data\PhotoSiTest.ProductService.Data.csproj", "{1718427F-1C35-4F43-87A7-01CE8654850E}"
EndProject
Project("{9A19103F-16F7-4668-BE54-9A1E7A4F7556}") = "PhotoSiTest.ProductService.Tests", "..\PhotoSiTest.ProductService.Tests\PhotoSiTest.ProductService.Tests.csproj", "{860EB032-6EEC-4BC0-8BFC-03268CF8D8CB}"
EndProject
Project("{9A19103F-16F7-4668-BE54-9A1E7A4F7556}") = "PhotoSiTest.UserService.Core", "..\PhotoSiTest.UserService.Core\PhotoSiTest.UserService.Core.csproj", "{2485D69F-05CA-404A-929C-731369DC25E6}"
EndProject
Project("{9A19103F-16F7-4668-BE54-9A1E7A4F7556}") = "PhotoSiTest.UserService.Data", "..\PhotoSiTest.UserService.Data\PhotoSiTest.UserService.Data.csproj", "{D1C5B383-5F49-4DFC-A203-EC769FDF6331}"
EndProject
Project("{9A19103F-16F7-4668-BE54-9A1E7A4F7556}") = "PhotoSiTest.UserService.Tests", "..\PhotoSiTest.UserService.Tests\PhotoSiTest.UserService.Tests.csproj", "{87A8DDD2-B318-4E50-843E-4916535CB16A}"
EndProject
Global
	GlobalSection(SolutionConfigurationPlatforms) = preSolution
		Debug|Any CPU = Debug|Any CPU
		Release|Any CPU = Release|Any CPU
	EndGlobalSection
	GlobalSection(ProjectConfigurationPlatforms) = postSolution
		{15C838DB-B9AF-4D4E-B154-7ED939422992}.Debug|Any CPU.ActiveCfg = Debug|Any CPU
		{15C838DB-B9AF-4D4E-B154-7ED939422992}.Debug|Any CPU.Build.0 = Debug|Any CPU
		{15C838DB-B9AF-4D4E-B154-7ED939422992}.Release|Any CPU.ActiveCfg = Release|Any CPU
		{15C838DB-B9AF-4D4E-B154-7ED939422992}.Release|Any CPU.Build.0 = Release|Any CPU
		{9B0EA794-6A62-4F9F-AF1C-AE0B97428B46}.Debug|Any CPU.ActiveCfg = Debug|Any CPU
		{9B0EA794-6A62-4F9F-AF1C-AE0B97428B46}.Debug|Any CPU.Build.0 = Debug|Any CPU
		{9B0EA794-6A62-4F9F-AF1C-AE0B97428B46}.Release|Any CPU.ActiveCfg = Release|Any CPU
		{9B0EA794-6A62-4F9F-AF1C-AE0B97428B46}.Release|Any CPU.Build.0 = Release|Any CPU
		{7753DE03-F1EF-4EC0-8522-0DF37085C02D}.Debug|Any CPU.ActiveCfg = Debug|Any CPU
		{7753DE03-F1EF-4EC0-8522-0DF37085C02D}.Debug|Any CPU.Build.0 = Debug|Any CPU
		{7753DE03-F1EF-4EC0-8522-0DF37085C02D}.Release|Any CPU.ActiveCfg = Release|Any CPU
		{7753DE03-F1EF-4EC0-8522-0DF37085C02D}.Release|Any CPU.Build.0 = Release|Any CPU
		{A900AF0B-5F15-4DB7-99B9-E9351924BC9E}.Debug|Any CPU.ActiveCfg = Debug|Any CPU
		{A900AF0B-5F15-4DB7-99B9-E9351924BC9E}.Debug|Any CPU.Build.0 = Debug|Any CPU
		{A900AF0B-5F15-4DB7-99B9-E9351924BC9E}.Release|Any CPU.ActiveCfg = Release|Any CPU
		{A900AF0B-5F15-4DB7-99B9-E9351924BC9E}.Release|Any CPU.Build.0 = Release|Any CPU
		{59952A47-5D16-404B-B9CF-377C7F06485C}.Debug|Any CPU.ActiveCfg = Debug|Any CPU
		{59952A47-5D16-404B-B9CF-377C7F06485C}.Debug|Any CPU.Build.0 = Debug|Any CPU
		{59952A47-5D16-404B-B9CF-377C7F06485C}.Release|Any CPU.ActiveCfg = Release|Any CPU
		{59952A47-5D16-404B-B9CF-377C7F06485C}.Release|Any CPU.Build.0 = Release|Any CPU
		{1A812D37-B2F4-44F8-AF27-B0F6D0AB20B9}.Debug|Any CPU.ActiveCfg = Debug|Any CPU
		{1A812D37-B2F4-44F8-AF27-B0F6D0AB20B9}.Debug|Any CPU.Build.0 = Debug|Any CPU
		{1A812D37-B2F4-44F8-AF27-B0F6D0AB20B9}.Release|Any CPU.ActiveCfg = Release|Any CPU
		{1A812D37-B2F4-44F8-AF27-B0F6D0AB20B9}.Release|Any CPU.Build.0 = Release|Any CPU
		{7957D896-7E49-438D-A77D-2C26E9103F76}.Debug|Any CPU.ActiveCfg = Debug|Any CPU
		{7957D896-7E49-438D-A77D-2C26E9103F76}.Debug|Any CPU.Build.0 = Debug|Any CPU
		{7957D896-7E49-438D-A77D-2C26E9103F76}.Release|Any CPU.ActiveCfg = Release|Any CPU
		{7957D896-7E49-438D-A77D-2C26E9103F76}.Release|Any CPU.Build.0 = Release|Any CPU
		{C5B594A5-3F9D-47C9-B3A2-329313008093}.Debug|Any CPU.ActiveCfg = Debug|Any CPU
		{C5B594A5-3F9D-47C9-B3A2-329313008093}.Debug|Any CPU.Build.0 = Debug|Any CPU
		{C5B594A5-3F9D-47C9-B3A2-329313008093}.Release|Any CPU.ActiveCfg = Release|Any CPU
		{C5B594A5-3F9D-47C9-B3A2-329313008093}.Release|Any CPU.Build.0 = Release|Any CPU
		{5153F6F0-A4F2-498A-9FD3-B74DC4E023BD}.Debug|Any CPU.ActiveCfg = Debug|Any CPU
		{5153F6F0-A4F2-498A-9FD3-B74DC4E023BD}.Debug|Any CPU.Build.0 = Debug|Any CPU
		{5153F6F0-A4F2-498A-9FD3-B74DC4E023BD}.Release|Any CPU.ActiveCfg = Release|Any CPU
		{5153F6F0-A4F2-498A-9FD3-B74DC4E023BD}.Release|Any CPU.Build.0 = Release|Any CPU
		{56C272E3-6673-44F4-8F05-C9126E29ED2A}.Debug|Any CPU.ActiveCfg = Debug|Any CPU
		{56C272E3-6673-44F4-8F05-C9126E29ED2A}.Debug|Any CPU.Build.0 = Debug|Any CPU
		{56C272E3-6673-44F4-8F05-C9126E29ED2A}.Release|Any CPU.ActiveCfg = Release|Any CPU
		{56C272E3-6673-44F4-8F05-C9126E29ED2A}.Release|Any CPU.Build.0 = Release|Any CPU
		{65951139-417E-4F75-8790-DD5DC38F2DEF}.Debug|Any CPU.ActiveCfg = Debug|Any CPU
		{65951139-417E-4F75-8790-DD5DC38F2DEF}.Debug|Any CPU.Build.0 = Debug|Any CPU
		{65951139-417E-4F75-8790-DD5DC38F2DEF}.Release|Any CPU.ActiveCfg = Release|Any CPU
		{65951139-417E-4F75-8790-DD5DC38F2DEF}.Release|Any CPU.Build.0 = Release|Any CPU
		{1718427F-1C35-4F43-87A7-01CE8654850E}.Debug|Any CPU.ActiveCfg = Debug|Any CPU
		{1718427F-1C35-4F43-87A7-01CE8654850E}.Debug|Any CPU.Build.0 = Debug|Any CPU
		{1718427F-1C35-4F43-87A7-01CE8654850E}.Release|Any CPU.ActiveCfg = Release|Any CPU
		{1718427F-1C35-4F43-87A7-01CE8654850E}.Release|Any CPU.Build.0 = Release|Any CPU
		{860EB032-6EEC-4BC0-8BFC-03268CF8D8CB}.Debug|Any CPU.ActiveCfg = Debug|Any CPU
		{860EB032-6EEC-4BC0-8BFC-03268CF8D8CB}.Debug|Any CPU.Build.0 = Debug|Any CPU
		{860EB032-6EEC-4BC0-8BFC-03268CF8D8CB}.Release|Any CPU.ActiveCfg = Release|Any CPU
		{860EB032-6EEC-4BC0-8BFC-03268CF8D8CB}.Release|Any CPU.Build.0 = Release|Any CPU
		{2485D69F-05CA-404A-929C-731369DC25E6}.Debug|Any CPU.ActiveCfg = Debug|Any CPU
		{2485D69F-05CA-404A-929C-731369DC25E6}.Debug|Any CPU.Build.0 = Debug|Any CPU
		{2485D69F-05CA-404A-929C-731369DC25E6}.Release|Any CPU.ActiveCfg = Release|Any CPU
		{2485D69F-05CA-404A-929C-731369DC25E6}.Release|Any CPU.Build.0 = Release|Any CPU
		{D1C5B383-5F49-4DFC-A203-EC769FDF6331}.Debug|Any CPU.ActiveCfg = Debug|Any CPU
		{D1C5B383-5F49-4DFC-A203-EC769FDF6331}.Debug|Any CPU.Build.0 = Debug|Any CPU
		{D1C5B383-5F49-4DFC-A203-EC769FDF6331}.Release|Any CPU.ActiveCfg = Release|Any CPU
		{D1C5B383-5F49-4DFC-A203-EC769FDF6331}.Release|Any CPU.Build.0 = Release|Any CPU
		{87A8DDD2-B318-4E50-843E-4916535CB16A}.Debug|Any CPU.ActiveCfg = Debug|Any CPU
		{87A8DDD2-B318-4E50-843E-4916535CB16A}.Debug|Any CPU.Build.0 = Debug|Any CPU
		{87A8DDD2-B318-4E50-843E-4916535CB16A}.Release|Any CPU.ActiveCfg = Release|Any CPU
		{87A8DDD2-B318-4E50-843E-4916535CB16A}.Release|Any CPU.Build.0 = Release|Any CPU
	EndGlobalSection
	GlobalSection(SolutionProperties) = preSolution
		HideSolutionNode = FALSE
	EndGlobalSection
	GlobalSection(NestedProjects) = preSolution
		{15C838DB-B9AF-4D4E-B154-7ED939422992} = {BC51A740-CAC4-4B13-91CE-F581C3ED57B9}
		{9B0EA794-6A62-4F9F-AF1C-AE0B97428B46} = {BC51A740-CAC4-4B13-91CE-F581C3ED57B9}
		{7753DE03-F1EF-4EC0-8522-0DF37085C02D} = {BC51A740-CAC4-4B13-91CE-F581C3ED57B9}
		{A900AF0B-5F15-4DB7-99B9-E9351924BC9E} = {FBFD2944-97F6-47A6-9553-7D71BF1EB274}
		{59952A47-5D16-404B-B9CF-377C7F06485C} = {FBFD2944-97F6-47A6-9553-7D71BF1EB274}
		{1A812D37-B2F4-44F8-AF27-B0F6D0AB20B9} = {2043AF53-9F8F-4691-8DFE-1C6C3EA653B3}
		{7957D896-7E49-438D-A77D-2C26E9103F76} = {2043AF53-9F8F-4691-8DFE-1C6C3EA653B3}
		{C5B594A5-3F9D-47C9-B3A2-329313008093} = {637E01D0-00DC-4BE4-8816-E9F09F68AFA5}
		{5153F6F0-A4F2-498A-9FD3-B74DC4E023BD} = {637E01D0-00DC-4BE4-8816-E9F09F68AFA5}
		{56C272E3-6673-44F4-8F05-C9126E29ED2A} = {637E01D0-00DC-4BE4-8816-E9F09F68AFA5}
		{65951139-417E-4F75-8790-DD5DC38F2DEF} = {28490CF4-6B6B-4E9F-A2C9-1D0CABE7F980}
		{1718427F-1C35-4F43-87A7-01CE8654850E} = {28490CF4-6B6B-4E9F-A2C9-1D0CABE7F980}
		{860EB032-6EEC-4BC0-8BFC-03268CF8D8CB} = {28490CF4-6B6B-4E9F-A2C9-1D0CABE7F980}
		{2485D69F-05CA-404A-929C-731369DC25E6} = {6B2D1C1B-69CB-455F-A908-C5D6A5676D22}
		{D1C5B383-5F49-4DFC-A203-EC769FDF6331} = {6B2D1C1B-69CB-455F-A908-C5D6A5676D22}
		{87A8DDD2-B318-4E50-843E-4916535CB16A} = {6B2D1C1B-69CB-455F-A908-C5D6A5676D22}
	EndGlobalSection
	GlobalSection(ExtensibilityGlobals) = postSolution
		SolutionGuid = {FF8C41CE-4728-41C6-872F-BFC40DB9483E}
	EndGlobalSection
EndGlobal
